
Microsoft Visual Studio Solution File, Format Version 12.00
# Visual Studio Version 16
VisualStudioVersion = 16.0.29503.13
MinimumVisualStudioVersion = 10.0.40219.1
Project("{FAE04EC0-301F-11D3-BF4B-00C04F79EFBC}") = "CAB301_TradeTools", "CAB301_TradeTools.csproj", "{8F52806B-F97A-4C28-B650-48A48BD066B1}"
EndProject
Project("{2150E333-8FDC-42A3-9474-1A3956D46DE8}") = "Solution Items", "Solution Items", "{320F4474-3199-4385-A2E3-708C1E7E1E81}"
EndProject
Global
	GlobalSection(SolutionConfigurationPlatforms) = preSolution
		Debug|Any CPU = Debug|Any CPU
		Release|Any CPU = Release|Any CPU
	EndGlobalSection
	GlobalSection(ProjectConfigurationPlatforms) = postSolution
		{8F52806B-F97A-4C28-B650-48A48BD066B1}.Debug|Any CPU.ActiveCfg = Debug|Any CPU
		{8F52806B-F97A-4C28-B650-48A48BD066B1}.Debug|Any CPU.Build.0 = Debug|Any CPU
		{8F52806B-F97A-4C28-B650-48A48BD066B1}.Release|Any CPU.ActiveCfg = Release|Any CPU
		{8F52806B-F97A-4C28-B650-48A48BD066B1}.Release|Any CPU.Build.0 = Release|Any CPU
	EndGlobalSection
	GlobalSection(SolutionProperties) = preSolution
		HideSolutionNode = FALSE
	EndGlobalSection
	GlobalSection(ExtensibilityGlobals) = postSolution
		SolutionGuid = {8E5AE7F4-3C50-409E-95FF-366370B8FCAC}
	EndGlobalSection
EndGlobal
